
Microsoft Visual Studio Solution File, Format Version 12.00
# Visual Studio Version 16
VisualStudioVersion = 16.0.808.3
MinimumVisualStudioVersion = 10.0.40219.1
Project("{FAE04EC0-301F-11D3-BF4B-00C04F79EFBC}") = "AuthMVC", "AuthMVC\AuthMVC.csproj", "{4979F59E-ED45-42C6-B1C2-FEE1C775C336}"
EndProject
Global
	GlobalSection(SolutionConfigurationPlatforms) = preSolution
		Debug|Any CPU = Debug|Any CPU
		Release|Any CPU = Release|Any CPU
	EndGlobalSection
	GlobalSection(ProjectConfigurationPlatforms) = postSolution
		{4979F59E-ED45-42C6-B1C2-FEE1C775C336}.Debug|Any CPU.ActiveCfg = Debug|Any CPU
		{4979F59E-ED45-42C6-B1C2-FEE1C775C336}.Debug|Any CPU.Build.0 = Debug|Any CPU
		{4979F59E-ED45-42C6-B1C2-FEE1C775C336}.Release|Any CPU.ActiveCfg = Release|Any CPU
		{4979F59E-ED45-42C6-B1C2-FEE1C775C336}.Release|Any CPU.Build.0 = Release|Any CPU
	EndGlobalSection
	GlobalSection(SolutionProperties) = preSolution
		HideSolutionNode = FALSE
	EndGlobalSection
	GlobalSection(ExtensibilityGlobals) = postSolution
		SolutionGuid = {9376844D-7AB3-444B-A5B5-D8A226ED7023}
	EndGlobalSection
EndGlobal
